
Microsoft Visual Studio Solution File, Format Version 12.00
Project("{FAE04EC0-301F-11D3-BF4B-00C04F79EFBC}") = "Chainmail", "Chainmail\Chainmail.csproj", "{AB95DAB3-5CBA-4337-AC7B-FDD5E6879B00}"
EndProject
Global
	GlobalSection(SolutionConfigurationPlatforms) = preSolution
		Debug|Any CPU = Debug|Any CPU
		Release|Any CPU = Release|Any CPU
	EndGlobalSection
	GlobalSection(ProjectConfigurationPlatforms) = postSolution
		{AB95DAB3-5CBA-4337-AC7B-FDD5E6879B00}.Debug|Any CPU.ActiveCfg = Debug|Any CPU
		{AB95DAB3-5CBA-4337-AC7B-FDD5E6879B00}.Debug|Any CPU.Build.0 = Debug|Any CPU
		{AB95DAB3-5CBA-4337-AC7B-FDD5E6879B00}.Release|Any CPU.ActiveCfg = Release|Any CPU
		{AB95DAB3-5CBA-4337-AC7B-FDD5E6879B00}.Release|Any CPU.Build.0 = Release|Any CPU
	EndGlobalSection
EndGlobal
